
Microsoft Visual Studio Solution File, Format Version 12.00
# Visual Studio Version 17
VisualStudioVersion = 17.11.35327.3
MinimumVisualStudioVersion = 10.0.40219.1
Project("{FAE04EC0-301F-11D3-BF4B-00C04F79EFBC}") = "LLD", "LLD.csproj", "{ED548176-DB69-4EB5-A3E8-9578B4A4CC05}"
EndProject
Project("{FAE04EC0-301F-11D3-BF4B-00C04F79EFBC}") = "ConsoleApp1", "..\ConsoleApp1\ConsoleApp1.csproj", "{64957B4A-6149-44B1-AF64-B4DC984D1060}"
EndProject
Global
	GlobalSection(SolutionConfigurationPlatforms) = preSolution
		Debug|Any CPU = Debug|Any CPU
		Release|Any CPU = Release|Any CPU
	EndGlobalSection
	GlobalSection(ProjectConfigurationPlatforms) = postSolution
		{ED548176-DB69-4EB5-A3E8-9578B4A4CC05}.Debug|Any CPU.ActiveCfg = Debug|Any CPU
		{ED548176-DB69-4EB5-A3E8-9578B4A4CC05}.Debug|Any CPU.Build.0 = Debug|Any CPU
		{ED548176-DB69-4EB5-A3E8-9578B4A4CC05}.Release|Any CPU.ActiveCfg = Release|Any CPU
		{ED548176-DB69-4EB5-A3E8-9578B4A4CC05}.Release|Any CPU.Build.0 = Release|Any CPU
		{64957B4A-6149-44B1-AF64-B4DC984D1060}.Debug|Any CPU.ActiveCfg = Debug|Any CPU
		{64957B4A-6149-44B1-AF64-B4DC984D1060}.Debug|Any CPU.Build.0 = Debug|Any CPU
		{64957B4A-6149-44B1-AF64-B4DC984D1060}.Release|Any CPU.ActiveCfg = Release|Any CPU
		{64957B4A-6149-44B1-AF64-B4DC984D1060}.Release|Any CPU.Build.0 = Release|Any CPU
	EndGlobalSection
	GlobalSection(SolutionProperties) = preSolution
		HideSolutionNode = FALSE
	EndGlobalSection
	GlobalSection(ExtensibilityGlobals) = postSolution
		SolutionGuid = {74C91784-4C39-47CA-A008-DB1537A4F505}
	EndGlobalSection
EndGlobal
